// !$*UTF8*$!
{
	archiveVersion = 1;
	classes = {
	};
	objectVersion = 50;
	objects = {

/* Begin PBXBuildFile section */
		4996DF0A21BF3B5600250E90 /* Orange.swift in Sources */ = {isa = PBXBuildFile; fileRef = 4996DF0921BF3B5600250E90 /* Orange.swift */; };
		49D2CE1B21BB2DCF009E5CBA /* AppDelegate.swift in Sources */ = {isa = PBXBuildFile; fileRef = 49D2CE1A21BB2DCF009E5CBA /* AppDelegate.swift */; };
		49D2CE1D21BB2DCF009E5CBA /* GameScene.sks in Resources */ = {isa = PBXBuildFile; fileRef = 49D2CE1C21BB2DCF009E5CBA /* GameScene.sks */; };
		49D2CE2121BB2DCF009E5CBA /* GameScene.swift in Sources */ = {isa = PBXBuildFile; fileRef = 49D2CE2021BB2DCF009E5CBA /* GameScene.swift */; };
		49D2CE2321BB2DCF009E5CBA /* GameViewController.swift in Sources */ = {isa = PBXBuildFile; fileRef = 49D2CE2221BB2DCF009E5CBA /* GameViewController.swift */; };
		49D2CE2621BB2DCF009E5CBA /* Main.storyboard in Resources */ = {isa = PBXBuildFile; fileRef = 49D2CE2421BB2DCF009E5CBA /* Main.storyboard */; };
		49D2CE2821BB2DD5009E5CBA /* Assets.xcassets in Resources */ = {isa = PBXBuildFile; fileRef = 49D2CE2721BB2DD5009E5CBA /* Assets.xcassets */; };
		49D2CE2B21BB2DD5009E5CBA /* LaunchScreen.storyboard in Resources */ = {isa = PBXBuildFile; fileRef = 49D2CE2921BB2DD5009E5CBA /* LaunchScreen.storyboard */; };
		49D2CE3721BB3212009E5CBA /* assets.atlas in Resources */ = {isa = PBXBuildFile; fileRef = 49D2CE3621BB3212009E5CBA /* assets.atlas */; };
/* End PBXBuildFile section */

/* Begin PBXFileReference section */
		4996DF0921BF3B5600250E90 /* Orange.swift */ = {isa = PBXFileReference; lastKnownFileType = sourcecode.swift; path = Orange.swift; sourceTree = "<group>"; };
		49D2CE1721BB2DCF009E5CBA /* OrangeTree.app */ = {isa = PBXFileReference; explicitFileType = wrapper.application; includeInIndex = 0; path = OrangeTree.app; sourceTree = BUILT_PRODUCTS_DIR; };
		49D2CE1A21BB2DCF009E5CBA /* AppDelegate.swift */ = {isa = PBXFileReference; lastKnownFileType = sourcecode.swift; path = AppDelegate.swift; sourceTree = "<group>"; };
		49D2CE1C21BB2DCF009E5CBA /* GameScene.sks */ = {isa = PBXFileReference; lastKnownFileType = file.sks; path = GameScene.sks; sourceTree = "<group>"; };
		49D2CE2021BB2DCF009E5CBA /* GameScene.swift */ = {isa = PBXFileReference; lastKnownFileType = sourcecode.swift; path = GameScene.swift; sourceTree = "<group>"; };
		49D2CE2221BB2DCF009E5CBA /* GameViewController.swift */ = {isa = PBXFileReference; lastKnownFileType = sourcecode.swift; path = GameViewController.swift; sourceTree = "<group>"; };
		49D2CE2521BB2DCF009E5CBA /* Base */ = {isa = PBXFileReference; lastKnownFileType = file.storyboard; name = Base; path = Base.lproj/Main.storyboard; sourceTree = "<group>"; };
		49D2CE2721BB2DD5009E5CBA /* Assets.xcassets */ = {isa = PBXFileReference; lastKnownFileType = folder.assetcatalog; path = Assets.xcassets; sourceTree = "<group>"; };
		49D2CE2A21BB2DD5009E5CBA /* Base */ = {isa = PBXFileReference; lastKnownFileType = file.storyboard; name = Base; path = Base.lproj/LaunchScreen.storyboard; sourceTree = "<group>"; };
		49D2CE2C21BB2DD5009E5CBA /* Info.plist */ = {isa = PBXFileReference; lastKnownFileType = text.plist.xml; path = Info.plist; sourceTree = "<group>"; };
		49D2CE3621BB3212009E5CBA /* assets.atlas */ = {isa = PBXFileReference; lastKnownFileType = folder.skatlas; name = assets.atlas; path = ../../../../Desktop/assets.atlas; sourceTree = "<group>"; };
/* End PBXFileReference section */

/* Begin PBXFrameworksBuildPhase section */
		49D2CE1421BB2DCF009E5CBA /* Frameworks */ = {
			isa = PBXFrameworksBuildPhase;
			buildActionMask = 2147483647;
			files = (
			);
			runOnlyForDeploymentPostprocessing = 0;
		};
/* End PBXFrameworksBuildPhase section */

/* Begin PBXGroup section */
		49D2CE0E21BB2DCF009E5CBA = {
			isa = PBXGroup;
			children = (
				49D2CE1921BB2DCF009E5CBA /* OrangeTree */,
				49D2CE1821BB2DCF009E5CBA /* Products */,
			);
			sourceTree = "<group>";
		};
		49D2CE1821BB2DCF009E5CBA /* Products */ = {
			isa = PBXGroup;
			children = (
				49D2CE1721BB2DCF009E5CBA /* OrangeTree.app */,
			);
			name = Products;
			sourceTree = "<group>";
		};
		49D2CE1921BB2DCF009E5CBA /* OrangeTree */ = {
			isa = PBXGroup;
			children = (
				49D2CE3621BB3212009E5CBA /* assets.atlas */,
				49D2CE1A21BB2DCF009E5CBA /* AppDelegate.swift */,
				49D2CE1C21BB2DCF009E5CBA /* GameScene.sks */,
				49D2CE2021BB2DCF009E5CBA /* GameScene.swift */,
				49D2CE2221BB2DCF009E5CBA /* GameViewController.swift */,
				4996DF0921BF3B5600250E90 /* Orange.swift */,
				49D2CE2421BB2DCF009E5CBA /* Main.storyboard */,
				49D2CE2721BB2DD5009E5CBA /* Assets.xcassets */,
				49D2CE2921BB2DD5009E5CBA /* LaunchScreen.storyboard */,
				49D2CE2C21BB2DD5009E5CBA /* Info.plist */,
			);
			path = OrangeTree;
			sourceTree = "<group>";
		};
/* End PBXGroup section */

/* Begin PBXNativeTarget section */
		49D2CE1621BB2DCF009E5CBA /* OrangeTree */ = {
			isa = PBXNativeTarget;
			buildConfigurationList = 49D2CE2F21BB2DD5009E5CBA /* Build configuration list for PBXNativeTarget "OrangeTree" */;
			buildPhases = (
				49D2CE1321BB2DCF009E5CBA /* Sources */,
				49D2CE1421BB2DCF009E5CBA /* Frameworks */,
				49D2CE1521BB2DCF009E5CBA /* Resources */,
			);
			buildRules = (
			);
			dependencies = (
			);
			name = OrangeTree;
			productName = OrangeTree;
			productReference = 49D2CE1721BB2DCF009E5CBA /* OrangeTree.app */;
			productType = "com.apple.product-type.application";
		};
/* End PBXNativeTarget section */

/* Begin PBXProject section */
		49D2CE0F21BB2DCF009E5CBA /* Project object */ = {
			isa = PBXProject;
			attributes = {
				LastSwiftUpdateCheck = 1010;
				LastUpgradeCheck = 1010;
				ORGANIZATIONNAME = "Jayce Azua";
				TargetAttributes = {
					49D2CE1621BB2DCF009E5CBA = {
						CreatedOnToolsVersion = 10.1;
					};
				};
			};
			buildConfigurationList = 49D2CE1221BB2DCF009E5CBA /* Build configuration list for PBXProject "OrangeTree" */;
			compatibilityVersion = "Xcode 9.3";
			developmentRegion = en;
			hasScannedForEncodings = 0;
			knownRegions = (
				en,
				Base,
			);
			mainGroup = 49D2CE0E21BB2DCF009E5CBA;
			productRefGroup = 49D2CE1821BB2DCF009E5CBA /* Products */;
			projectDirPath = "";
			projectRoot = "";
			targets = (
				49D2CE1621BB2DCF009E5CBA /* OrangeTree */,
			);
		};
/* End PBXProject section */

/* Begin PBXResourcesBuildPhase section */
		49D2CE1521BB2DCF009E5CBA /* Resources */ = {
			isa = PBXResourcesBuildPhase;
			buildActionMask = 2147483647;
			files = (
				49D2CE2621BB2DCF009E5CBA /* Main.storyboard in Resources */,
				49D2CE1D21BB2DCF009E5CBA /* GameScene.sks in Resources */,
				49D2CE3721BB3212009E5CBA /* assets.atlas in Resources */,
				49D2CE2821BB2DD5009E5CBA /* Assets.xcassets in Resources */,
				49D2CE2B21BB2DD5009E5CBA /* LaunchScreen.storyboard in Resources */,
			);
			runOnlyForDeploymentPostprocessing = 0;
		};
/* End PBXResourcesBuildPhase section */

/* Begin PBXSourcesBuildPhase section */
		49D2CE1321BB2DCF009E5CBA /* Sources */ = {
			isa = PBXSourcesBuildPhase;
			buildActionMask = 2147483647;
			files = (
				49D2CE2121BB2DCF009E5CBA /* GameScene.swift in Sources */,
				49D2CE2321BB2DCF009E5CBA /* GameViewController.swift in Sources */,
				49D2CE1B21BB2DCF009E5CBA /* AppDelegate.swift in Sources */,
				4996DF0A21BF3B5600250E90 /* Orange.swift in Sources */,
			);
			runOnlyForDeploymentPostprocessing = 0;
		};
/* End PBXSourcesBuildPhase section */

/* Begin PBXVariantGroup section */
		49D2CE2421BB2DCF009E5CBA /* Main.storyboard */ = {
			isa = PBXVariantGroup;
			children = (
				49D2CE2521BB2DCF009E5CBA /* Base */,
			);
			name = Main.storyboard;
			sourceTree = "<group>";
		};
		49D2CE2921BB2DD5009E5CBA /* LaunchScreen.storyboard */ = {
			isa = PBXVariantGroup;
			children = (
				49D2CE2A21BB2DD5009E5CBA /* Base */,
			);
			name = LaunchScreen.storyboard;
			sourceTree = "<group>";
		};
/* End PBXVariantGroup section */

/* Begin XCBuildConfiguration section */
		49D2CE2D21BB2DD5009E5CBA /* Debug */ = {
			isa = XCBuildConfiguration;
			buildSettings = {
				ALWAYS_SEARCH_USER_PATHS = NO;
				CLANG_ANALYZER_NONNULL = YES;
				CLANG_ANALYZER_NUMBER_OBJECT_CONVERSION = YES_AGGRESSIVE;
				CLANG_CXX_LANGUAGE_STANDARD = "gnu++14";
				CLANG_CXX_LIBRARY = "libc++";
				CLANG_ENABLE_MODULES = YES;
				CLANG_ENABLE_OBJC_ARC = YES;
				CLANG_ENABLE_OBJC_WEAK = YES;
				CLANG_WARN_BLOCK_CAPTURE_AUTORELEASING = YES;
				CLANG_WARN_BOOL_CONVERSION = YES;
				CLANG_WARN_COMMA = YES;
				CLANG_WARN_CONSTANT_CONVERSION = YES;
				CLANG_WARN_DEPRECATED_OBJC_IMPLEMENTATIONS = YES;
				CLANG_WARN_DIRECT_OBJC_ISA_USAGE = YES_ERROR;
				CLANG_WARN_DOCUMENTATION_COMMENTS = YES;
				CLANG_WARN_EMPTY_BODY = YES;
				CLANG_WARN_ENUM_CONVERSION = YES;
				CLANG_WARN_INFINITE_RECURSION = YES;
				CLANG_WARN_INT_CONVERSION = YES;
				CLANG_WARN_NON_LITERAL_NULL_CONVERSION = YES;
				CLANG_WARN_OBJC_IMPLICIT_RETAIN_SELF = YES;
				CLANG_WARN_OBJC_LITERAL_CONVERSION = YES;
				CLANG_WARN_OBJC_ROOT_CLASS = YES_ERROR;
				CLANG_WARN_RANGE_LOOP_ANALYSIS = YES;
				CLANG_WARN_STRICT_PROTOTYPES = YES;
				CLANG_WARN_SUSPICIOUS_MOVE = YES;
				CLANG_WARN_UNGUARDED_AVAILABILITY = YES_AGGRESSIVE;
				CLANG_WARN_UNREACHABLE_CODE = YES;
				CLANG_WARN__DUPLICATE_METHOD_MATCH = YES;
				CODE_SIGN_IDENTITY = "iPhone Developer";
				COPY_PHASE_STRIP = NO;
				DEBUG_INFORMATION_FORMAT = dwarf;
				ENABLE_STRICT_OBJC_MSGSEND = YES;
				ENABLE_TESTABILITY = YES;
				GCC_C_LANGUAGE_STANDARD = gnu11;
				GCC_DYNAMIC_NO_PIC = NO;
				GCC_NO_COMMON_BLOCKS = YES;
				GCC_OPTIMIZATION_LEVEL = 0;
				GCC_PREPROCESSOR_DEFINITIONS = (
					"DEBUG=1",
					"$(inherited)",
				);
				GCC_WARN_64_TO_32_BIT_CONVERSION = YES;
				GCC_WARN_ABOUT_RETURN_TYPE = YES_ERROR;
				GCC_WARN_UNDECLARED_SELECTOR = YES;
				GCC_WARN_UNINITIALIZED_AUTOS = YES_AGGRESSIVE;
				GCC_WARN_UNUSED_FUNCTION = YES;
				GCC_WARN_UNUSED_VARIABLE = YES;
				IPHONEOS_DEPLOYMENT_TARGET = 12.1;
				MTL_ENABLE_DEBUG_INFO = INCLUDE_SOURCE;
				MTL_FAST_MATH = YES;
				ONLY_ACTIVE_ARCH = YES;
				SDKROOT = iphoneos;
				SWIFT_ACTIVE_COMPILATION_CONDITIONS = DEBUG;
				SWIFT_OPTIMIZATION_LEVEL = "-Onone";
			};
			name = Debug;
		};
		49D2CE2E21BB2DD5009E5CBA /* Release */ = {
			isa = XCBuildConfiguration;
			buildSettings = {
				ALWAYS_SEARCH_USER_PATHS = NO;
				CLANG_ANALYZER_NONNULL = YES;
				CLANG_ANALYZER_NUMBER_OBJECT_CONVERSION = YES_AGGRESSIVE;
				CLANG_CXX_LANGUAGE_STANDARD = "gnu++14";
				CLANG_CXX_LIBRARY = "libc++";
				CLANG_ENABLE_MODULES = YES;
				CLANG_ENABLE_OBJC_ARC = YES;
				CLANG_ENABLE_OBJC_WEAK = YES;
				CLANG_WARN_BLOCK_CAPTURE_AUTORELEASING = YES;
				CLANG_WARN_BOOL_CONVERSION = YES;
				CLANG_WARN_COMMA = YES;
				CLANG_WARN_CONSTANT_CONVERSION = YES;
				CLANG_WARN_DEPRECATED_OBJC_IMPLEMENTATIONS = YES;
				CLANG_WARN_DIRECT_OBJC_ISA_USAGE = YES_ERROR;
				CLANG_WARN_DOCUMENTATION_COMMENTS = YES;
				CLANG_WARN_EMPTY_BODY = YES;
				CLANG_WARN_ENUM_CONVERSION = YES;
				CLANG_WARN_INFINITE_RECURSION = YES;
				CLANG_WARN_INT_CONVERSION = YES;
				CLANG_WARN_NON_LITERAL_NULL_CONVERSION = YES;
				CLANG_WARN_OBJC_IMPLICIT_RETAIN_SELF = YES;
				CLANG_WARN_OBJC_LITERAL_CONVERSION = YES;
				CLANG_WARN_OBJC_ROOT_CLASS = YES_ERROR;
				CLANG_WARN_RANGE_LOOP_ANALYSIS = YES;
				CLANG_WARN_STRICT_PROTOTYPES = YES;
				CLANG_WARN_SUSPICIOUS_MOVE = YES;
				CLANG_WARN_UNGUARDED_AVAILABILITY = YES_AGGRESSIVE;
				CLANG_WARN_UNREACHABLE_CODE = YES;
				CLANG_WARN__DUPLICATE_METHOD_MATCH = YES;
				CODE_SIGN_IDENTITY = "iPhone Developer";
				COPY_PHASE_STRIP = NO;
				DEBUG_INFORMATION_FORMAT = "dwarf-with-dsym";
				ENABLE_NS_ASSERTIONS = NO;
				ENABLE_STRICT_OBJC_MSGSEND = YES;
				GCC_C_LANGUAGE_STANDARD = gnu11;
				GCC_NO_COMMON_BLOCKS = YES;
				GCC_WARN_64_TO_32_BIT_CONVERSION = YES;
				GCC_WARN_ABOUT_RETURN_TYPE = YES_ERROR;
				GCC_WARN_UNDECLARED_SELECTOR = YES;
				GCC_WARN_UNINITIALIZED_AUTOS = YES_AGGRESSIVE;
				GCC_WARN_UNUSED_FUNCTION = YES;
				GCC_WARN_UNUSED_VARIABLE = YES;
				IPHONEOS_DEPLOYMENT_TARGET = 12.1;
				MTL_ENABLE_DEBUG_INFO = NO;
				MTL_FAST_MATH = YES;
				SDKROOT = iphoneos;
				SWIFT_COMPILATION_MODE = wholemodule;
				SWIFT_OPTIMIZATION_LEVEL = "-O";
				VALIDATE_PRODUCT = YES;
			};
			name = Release;
		};
		49D2CE3021BB2DD5009E5CBA /* Debug */ = {
			isa = XCBuildConfiguration;
			buildSettings = {
				ASSETCATALOG_COMPILER_APPICON_NAME = AppIcon;
				CODE_SIGN_STYLE = Automatic;
				DEVELOPMENT_TEAM = F65765B274;
				INFOPLIST_FILE = OrangeTree/Info.plist;
				LD_RUNPATH_SEARCH_PATHS = (
					"$(inherited)",
					"@executable_path/Frameworks",
				);
				PRODUCT_BUNDLE_IDENTIFIER = com.ja.OrangeTree;
				PRODUCT_NAME = "$(TARGET_NAME)";
				SWIFT_VERSION = 4.2;
				TARGETED_DEVICE_FAMILY = "1,2";
			};
			name = Debug;
		};
		49D2CE3121BB2DD5009E5CBA /* Release */ = {
			isa = XCBuildConfiguration;
			buildSettings = {
				ASSETCATALOG_COMPILER_APPICON_NAME = AppIcon;
				CODE_SIGN_STYLE = Automatic;
				DEVELOPMENT_TEAM = F65765B274;
				INFOPLIST_FILE = OrangeTree/Info.plist;
				LD_RUNPATH_SEARCH_PATHS = (
					"$(inherited)",
					"@executable_path/Frameworks",
				);
				PRODUCT_BUNDLE_IDENTIFIER = com.ja.OrangeTree;
				PRODUCT_NAME = "$(TARGET_NAME)";
				SWIFT_VERSION = 4.2;
				TARGETED_DEVICE_FAMILY = "1,2";
			};
			name = Release;
		};
/* End XCBuildConfiguration section */

/* Begin XCConfigurationList section */
		49D2CE1221BB2DCF009E5CBA /* Build configuration list for PBXProject "OrangeTree" */ = {
			isa = XCConfigurationList;
			buildConfigurations = (
				49D2CE2D21BB2DD5009E5CBA /* Debug */,
				49D2CE2E21BB2DD5009E5CBA /* Release */,
			);
			defaultConfigurationIsVisible = 0;
			defaultConfigurationName = Release;
		};
		49D2CE2F21BB2DD5009E5CBA /* Build configuration list for PBXNativeTarget "OrangeTree" */ = {
			isa = XCConfigurationList;
			buildConfigurations = (
				49D2CE3021BB2DD5009E5CBA /* Debug */,
				49D2CE3121BB2DD5009E5CBA /* Release */,
			);
			defaultConfigurationIsVisible = 0;
			defaultConfigurationName = Release;
		};
/* End XCConfigurationList section */
	};
	rootObject = 49D2CE0F21BB2DCF009E5CBA /* Project object */;
}
